id: calculoPotenciaJ1E
label: QT GUI Calculo_Potencia _J1EG5
category: '[Grupo J1E G5]'
flags: need_qt_gui

parameters:
-   id: l_vect
    label: Longitud FFT
    dtype: int
    default: '1024'
    hide: none
-   id: gui_hint
    label: GUI Hint
    dtype: gui_hint
    hide: part

inputs:
-   label: in
    dtype: float
    vlen: 1

outputs: []

templates:
    imports: 'from calculoPotenciaJ1E import calculoPotenciaJ1E  # grc-generated hier_block'
    make: "calculoPotenciaJ1E(\n    l_vect=${ l_vect },\n)\n<% win = 'self.%s'%id\
        \ %>\n${ gui_hint() % win }"
    callbacks:
    - set_l_vect(${ l_vect })

documentation: 'Efren_Acevedo

    /home/uis-e3t/Escritorio/LabCom_J1E_G5/Lab3_parteA/calculoPotenciaJ1E.py'
grc_source: /home/uis-e3t/Escritorio/LabCom_J1E_G5/Lab3_parteA/Lab3.grc

file_format: 1
